# This file is automatically @generated by Poetry 1.7.1 and should not be changed by hand.

[[package]]
name = "pytubefix"
version = "6.8.1"
description = "Python3 library for downloading YouTube Videos."
optional = false
python-versions = ">=3.7"
files = [
    {file = "pytubefix-6.8.1-py3-none-any.whl", hash = "sha256:c23248d3db02daf4251e322e7f24f3e07af161c026b2e995d9b0b1190297c92c"},
    {file = "pytubefix-6.8.1.tar.gz", hash = "sha256:bfe3cefc9f1463a561e74bf37ffb9afcc0762eab6553f7aabb1246548cb203ef"},
]

[metadata]
lock-version = "2.0"
python-versions = "3.10.14"
content-hash = "476750bf9d1a403a55e27297ce5ccba27906243cd2da0d55b0c27ef62824d04c"
